
Microsoft Visual Studio Solution File, Format Version 12.00
# Visual Studio Version 17
VisualStudioVersion = 17.5.002.0
MinimumVisualStudioVersion = 10.0.40219.1
Project("{9A19103F-16F7-4668-BE54-9A1E7A4F7556}") = "TheDominionOfKings", "TheDominionOfKings.csproj", "{06330C67-7144-475A-9393-3D545C557300}"
EndProject
Global
	GlobalSection(SolutionConfigurationPlatforms) = preSolution
		Debug|Any CPU = Debug|Any CPU
		Release|Any CPU = Release|Any CPU
	EndGlobalSection
	GlobalSection(ProjectConfigurationPlatforms) = postSolution
		{06330C67-7144-475A-9393-3D545C557300}.Debug|Any CPU.ActiveCfg = Debug|Any CPU
		{06330C67-7144-475A-9393-3D545C557300}.Debug|Any CPU.Build.0 = Debug|Any CPU
		{06330C67-7144-475A-9393-3D545C557300}.Release|Any CPU.ActiveCfg = Release|Any CPU
		{06330C67-7144-475A-9393-3D545C557300}.Release|Any CPU.Build.0 = Release|Any CPU
	EndGlobalSection
	GlobalSection(SolutionProperties) = preSolution
		HideSolutionNode = FALSE
	EndGlobalSection
	GlobalSection(ExtensibilityGlobals) = postSolution
		SolutionGuid = {EF0C1EE4-3F20-42E0-8D30-01C117AD9F87}
	EndGlobalSection
EndGlobal
